
Microsoft Visual Studio Solution File, Format Version 12.00
# Visual Studio Version 17
VisualStudioVersion = 17.8.34330.188
MinimumVisualStudioVersion = 10.0.40219.1
Project("{FAE04EC0-301F-11D3-BF4B-00C04F79EFBC}") = "YuTechsAPI", "YuTechsAPI\YuTechsAPI.csproj", "{BA19F2A3-D775-48C4-A112-89DBA1ECF0EB}"
EndProject
Project("{FAE04EC0-301F-11D3-BF4B-00C04F79EFBC}") = "YuTechsEF", "YuTechsEF\YuTechsEF.csproj", "{A08F8E10-0613-49C0-B299-FFC1D9BA42A6}"
EndProject
Project("{FAE04EC0-301F-11D3-BF4B-00C04F79EFBC}") = "YuTechsBL", "YuTechsBL\YuTechsBL.csproj", "{BF52D676-5ACF-497E-83EB-15302625465E}"
EndProject
Global
	GlobalSection(SolutionConfigurationPlatforms) = preSolution
		Debug|Any CPU = Debug|Any CPU
		Release|Any CPU = Release|Any CPU
	EndGlobalSection
	GlobalSection(ProjectConfigurationPlatforms) = postSolution
		{BA19F2A3-D775-48C4-A112-89DBA1ECF0EB}.Debug|Any CPU.ActiveCfg = Debug|Any CPU
		{BA19F2A3-D775-48C4-A112-89DBA1ECF0EB}.Debug|Any CPU.Build.0 = Debug|Any CPU
		{BA19F2A3-D775-48C4-A112-89DBA1ECF0EB}.Release|Any CPU.ActiveCfg = Release|Any CPU
		{BA19F2A3-D775-48C4-A112-89DBA1ECF0EB}.Release|Any CPU.Build.0 = Release|Any CPU
		{A08F8E10-0613-49C0-B299-FFC1D9BA42A6}.Debug|Any CPU.ActiveCfg = Debug|Any CPU
		{A08F8E10-0613-49C0-B299-FFC1D9BA42A6}.Debug|Any CPU.Build.0 = Debug|Any CPU
		{A08F8E10-0613-49C0-B299-FFC1D9BA42A6}.Release|Any CPU.ActiveCfg = Release|Any CPU
		{A08F8E10-0613-49C0-B299-FFC1D9BA42A6}.Release|Any CPU.Build.0 = Release|Any CPU
		{BF52D676-5ACF-497E-83EB-15302625465E}.Debug|Any CPU.ActiveCfg = Debug|Any CPU
		{BF52D676-5ACF-497E-83EB-15302625465E}.Debug|Any CPU.Build.0 = Debug|Any CPU
		{BF52D676-5ACF-497E-83EB-15302625465E}.Release|Any CPU.ActiveCfg = Release|Any CPU
		{BF52D676-5ACF-497E-83EB-15302625465E}.Release|Any CPU.Build.0 = Release|Any CPU
	EndGlobalSection
	GlobalSection(SolutionProperties) = preSolution
		HideSolutionNode = FALSE
	EndGlobalSection
	GlobalSection(ExtensibilityGlobals) = postSolution
		SolutionGuid = {9B147C98-FC03-4305-BE51-FDE7BA5B8872}
	EndGlobalSection
EndGlobal
